# This file was autogenerated by Stack.
# You should not edit this file by hand.
# For more information, please see the documentation at:
#   https://docs.haskellstack.org/en/stable/topics/lock_files

packages:
- completed:
    hackage: co-log-simple-1.1.0@sha256:8cc7c99d60d0c6088e76e2548f7621737ae7e26f1237c181ead009ee9763c951,1767
    pantry-tree:
      sha256: 918c592895abf6aeb758343c9c9090b3c92ba20b31f2e24f53b7f62aa572b5a0
      size: 579
  original:
    hackage: co-log-simple-1.1.0
snapshots:
- completed:
    sha256: 1b4c2669e26fa828451830ed4725e4d406acc25a1fa24fcc039465dd13d7a575
    size: 714100
    url: https://raw.githubusercontent.com/commercialhaskell/stackage-snapshots/master/lts/22/6.yaml
  original: lts-22.6
